// !$*UTF8*$!
{
	archiveVersion = 1;
	classes = {
	};
	objectVersion = 56;
	objects = {

/* Begin PBXBuildFile section */
		5C3F836A2B05570D00CF4F9F /* AppDelegate.swift in Sources */ = {isa = PBXBuildFile; fileRef = 5C3F83692B05570D00CF4F9F /* AppDelegate.swift */; };
		5C3F836C2B05570D00CF4F9F /* SceneDelegate.swift in Sources */ = {isa = PBXBuildFile; fileRef = 5C3F836B2B05570D00CF4F9F /* SceneDelegate.swift */; };
		5C3F836E2B05570D00CF4F9F /* ContainerViewController.swift in Sources */ = {isa = PBXBuildFile; fileRef = 5C3F836D2B05570D00CF4F9F /* ContainerViewController.swift */; };
		5C3F83732B05570E00CF4F9F /* Assets.xcassets in Resources */ = {isa = PBXBuildFile; fileRef = 5C3F83722B05570E00CF4F9F /* Assets.xcassets */; };
		5C3F83762B05570E00CF4F9F /* LaunchScreen.storyboard in Resources */ = {isa = PBXBuildFile; fileRef = 5C3F83742B05570E00CF4F9F /* LaunchScreen.storyboard */; };
		5C3F837F2B05598A00CF4F9F /* MenuViewController.swift in Sources */ = {isa = PBXBuildFile; fileRef = 5C3F837E2B05598A00CF4F9F /* MenuViewController.swift */; };
		5C3F83822B0559AA00CF4F9F /* HomeViewController.swift in Sources */ = {isa = PBXBuildFile; fileRef = 5C3F83812B0559AA00CF4F9F /* HomeViewController.swift */; };
		5C3F83842B06AE1900CF4F9F /* InfoViewController.swift in Sources */ = {isa = PBXBuildFile; fileRef = 5C3F83832B06AE1900CF4F9F /* InfoViewController.swift */; };
		5C3F83872B075D7000CF4F9F /* CodeScanner in Frameworks */ = {isa = PBXBuildFile; productRef = 5C3F83862B075D7000CF4F9F /* CodeScanner */; };
/* End PBXBuildFile section */

/* Begin PBXFileReference section */
		5C3F83662B05570D00CF4F9F /* EBSCAN.app */ = {isa = PBXFileReference; explicitFileType = wrapper.application; includeInIndex = 0; path = EBSCAN.app; sourceTree = BUILT_PRODUCTS_DIR; };
		5C3F83692B05570D00CF4F9F /* AppDelegate.swift */ = {isa = PBXFileReference; lastKnownFileType = sourcecode.swift; path = AppDelegate.swift; sourceTree = "<group>"; };
		5C3F836B2B05570D00CF4F9F /* SceneDelegate.swift */ = {isa = PBXFileReference; lastKnownFileType = sourcecode.swift; path = SceneDelegate.swift; sourceTree = "<group>"; };
		5C3F836D2B05570D00CF4F9F /* ContainerViewController.swift */ = {isa = PBXFileReference; lastKnownFileType = sourcecode.swift; path = ContainerViewController.swift; sourceTree = "<group>"; };
		5C3F83722B05570E00CF4F9F /* Assets.xcassets */ = {isa = PBXFileReference; lastKnownFileType = folder.assetcatalog; path = Assets.xcassets; sourceTree = "<group>"; };
		5C3F83752B05570E00CF4F9F /* Base */ = {isa = PBXFileReference; lastKnownFileType = file.storyboard; name = Base; path = Base.lproj/LaunchScreen.storyboard; sourceTree = "<group>"; };
		5C3F83772B05570E00CF4F9F /* Info.plist */ = {isa = PBXFileReference; lastKnownFileType = text.plist.xml; path = Info.plist; sourceTree = "<group>"; };
		5C3F837E2B05598A00CF4F9F /* MenuViewController.swift */ = {isa = PBXFileReference; lastKnownFileType = sourcecode.swift; path = MenuViewController.swift; sourceTree = "<group>"; };
		5C3F83812B0559AA00CF4F9F /* HomeViewController.swift */ = {isa = PBXFileReference; lastKnownFileType = sourcecode.swift; path = HomeViewController.swift; sourceTree = "<group>"; };
		5C3F83832B06AE1900CF4F9F /* InfoViewController.swift */ = {isa = PBXFileReference; lastKnownFileType = sourcecode.swift; path = InfoViewController.swift; sourceTree = "<group>"; };
/* End PBXFileReference section */

/* Begin PBXFrameworksBuildPhase section */
		5C3F83632B05570D00CF4F9F /* Frameworks */ = {
			isa = PBXFrameworksBuildPhase;
			buildActionMask = 2147483647;
			files = (
				5C3F83872B075D7000CF4F9F /* CodeScanner in Frameworks */,
			);
			runOnlyForDeploymentPostprocessing = 0;
		};
/* End PBXFrameworksBuildPhase section */

/* Begin PBXGroup section */
		5C3F835D2B05570D00CF4F9F = {
			isa = PBXGroup;
			children = (
				5C3F83682B05570D00CF4F9F /* EBSCAN */,
				5C3F83672B05570D00CF4F9F /* Products */,
			);
			sourceTree = "<group>";
		};
		5C3F83672B05570D00CF4F9F /* Products */ = {
			isa = PBXGroup;
			children = (
				5C3F83662B05570D00CF4F9F /* EBSCAN.app */,
			);
			name = Products;
			sourceTree = "<group>";
		};
		5C3F83682B05570D00CF4F9F /* EBSCAN */ = {
			isa = PBXGroup;
			children = (
				5C3F837D2B05594300CF4F9F /* ViewControllers */,
				5C3F83692B05570D00CF4F9F /* AppDelegate.swift */,
				5C3F836B2B05570D00CF4F9F /* SceneDelegate.swift */,
				5C3F83722B05570E00CF4F9F /* Assets.xcassets */,
				5C3F83742B05570E00CF4F9F /* LaunchScreen.storyboard */,
				5C3F83772B05570E00CF4F9F /* Info.plist */,
			);
			path = EBSCAN;
			sourceTree = "<group>";
		};
		5C3F837D2B05594300CF4F9F /* ViewControllers */ = {
			isa = PBXGroup;
			children = (
				5C3F836D2B05570D00CF4F9F /* ContainerViewController.swift */,
				5C3F837E2B05598A00CF4F9F /* MenuViewController.swift */,
				5C3F83812B0559AA00CF4F9F /* HomeViewController.swift */,
				5C3F83832B06AE1900CF4F9F /* InfoViewController.swift */,
			);
			path = ViewControllers;
			sourceTree = "<group>";
		};
/* End PBXGroup section */

/* Begin PBXNativeTarget section */
		5C3F83652B05570D00CF4F9F /* EBSCAN */ = {
			isa = PBXNativeTarget;
			buildConfigurationList = 5C3F837A2B05570E00CF4F9F /* Build configuration list for PBXNativeTarget "EBSCAN" */;
			buildPhases = (
				5C3F83622B05570D00CF4F9F /* Sources */,
				5C3F83632B05570D00CF4F9F /* Frameworks */,
				5C3F83642B05570D00CF4F9F /* Resources */,
			);
			buildRules = (
			);
			dependencies = (
			);
			name = EBSCAN;
			packageProductDependencies = (
				5C3F83862B075D7000CF4F9F /* CodeScanner */,
			);
			productName = EBSCAN;
			productReference = 5C3F83662B05570D00CF4F9F /* EBSCAN.app */;
			productType = "com.apple.product-type.application";
		};
/* End PBXNativeTarget section */

/* Begin PBXProject section */
		5C3F835E2B05570D00CF4F9F /* Project object */ = {
			isa = PBXProject;
			attributes = {
				BuildIndependentTargetsInParallel = 1;
				LastSwiftUpdateCheck = 1500;
				LastUpgradeCheck = 1500;
				TargetAttributes = {
					5C3F83652B05570D00CF4F9F = {
						CreatedOnToolsVersion = 15.0.1;
					};
				};
			};
			buildConfigurationList = 5C3F83612B05570D00CF4F9F /* Build configuration list for PBXProject "EBSCAN" */;
			compatibilityVersion = "Xcode 14.0";
			developmentRegion = en;
			hasScannedForEncodings = 0;
			knownRegions = (
				en,
				Base,
			);
			mainGroup = 5C3F835D2B05570D00CF4F9F;
			packageReferences = (
				5C3F83852B075D7000CF4F9F /* XCRemoteSwiftPackageReference "CodeScanner" */,
			);
			productRefGroup = 5C3F83672B05570D00CF4F9F /* Products */;
			projectDirPath = "";
			projectRoot = "";
			targets = (
				5C3F83652B05570D00CF4F9F /* EBSCAN */,
			);
		};
/* End PBXProject section */

/* Begin PBXResourcesBuildPhase section */
		5C3F83642B05570D00CF4F9F /* Resources */ = {
			isa = PBXResourcesBuildPhase;
			buildActionMask = 2147483647;
			files = (
				5C3F83762B05570E00CF4F9F /* LaunchScreen.storyboard in Resources */,
				5C3F83732B05570E00CF4F9F /* Assets.xcassets in Resources */,
			);
			runOnlyForDeploymentPostprocessing = 0;
		};
/* End PBXResourcesBuildPhase section */

/* Begin PBXSourcesBuildPhase section */
		5C3F83622B05570D00CF4F9F /* Sources */ = {
			isa = PBXSourcesBuildPhase;
			buildActionMask = 2147483647;
			files = (
				5C3F83822B0559AA00CF4F9F /* HomeViewController.swift in Sources */,
				5C3F836E2B05570D00CF4F9F /* ContainerViewController.swift in Sources */,
				5C3F836A2B05570D00CF4F9F /* AppDelegate.swift in Sources */,
				5C3F836C2B05570D00CF4F9F /* SceneDelegate.swift in Sources */,
				5C3F83842B06AE1900CF4F9F /* InfoViewController.swift in Sources */,
				5C3F837F2B05598A00CF4F9F /* MenuViewController.swift in Sources */,
			);
			runOnlyForDeploymentPostprocessing = 0;
		};
/* End PBXSourcesBuildPhase section */

/* Begin PBXVariantGroup section */
		5C3F83742B05570E00CF4F9F /* LaunchScreen.storyboard */ = {
			isa = PBXVariantGroup;
			children = (
				5C3F83752B05570E00CF4F9F /* Base */,
			);
			name = LaunchScreen.storyboard;
			sourceTree = "<group>";
		};
/* End PBXVariantGroup section */

/* Begin XCBuildConfiguration section */
		5C3F83782B05570E00CF4F9F /* Debug */ = {
			isa = XCBuildConfiguration;
			buildSettings = {
				ALWAYS_SEARCH_USER_PATHS = NO;
				ASSETCATALOG_COMPILER_GENERATE_SWIFT_ASSET_SYMBOL_EXTENSIONS = YES;
				CLANG_ANALYZER_NONNULL = YES;
				CLANG_ANALYZER_NUMBER_OBJECT_CONVERSION = YES_AGGRESSIVE;
				CLANG_CXX_LANGUAGE_STANDARD = "gnu++20";
				CLANG_ENABLE_MODULES = YES;
				CLANG_ENABLE_OBJC_ARC = YES;
				CLANG_ENABLE_OBJC_WEAK = YES;
				CLANG_WARN_BLOCK_CAPTURE_AUTORELEASING = YES;
				CLANG_WARN_BOOL_CONVERSION = YES;
				CLANG_WARN_COMMA = YES;
				CLANG_WARN_CONSTANT_CONVERSION = YES;
				CLANG_WARN_DEPRECATED_OBJC_IMPLEMENTATIONS = YES;
				CLANG_WARN_DIRECT_OBJC_ISA_USAGE = YES_ERROR;
				CLANG_WARN_DOCUMENTATION_COMMENTS = YES;
				CLANG_WARN_EMPTY_BODY = YES;
				CLANG_WARN_ENUM_CONVERSION = YES;
				CLANG_WARN_INFINITE_RECURSION = YES;
				CLANG_WARN_INT_CONVERSION = YES;
				CLANG_WARN_NON_LITERAL_NULL_CONVERSION = YES;
				CLANG_WARN_OBJC_IMPLICIT_RETAIN_SELF = YES;
				CLANG_WARN_OBJC_LITERAL_CONVERSION = YES;
				CLANG_WARN_OBJC_ROOT_CLASS = YES_ERROR;
				CLANG_WARN_QUOTED_INCLUDE_IN_FRAMEWORK_HEADER = YES;
				CLANG_WARN_RANGE_LOOP_ANALYSIS = YES;
				CLANG_WARN_STRICT_PROTOTYPES = YES;
				CLANG_WARN_SUSPICIOUS_MOVE = YES;
				CLANG_WARN_UNGUARDED_AVAILABILITY = YES_AGGRESSIVE;
				CLANG_WARN_UNREACHABLE_CODE = YES;
				CLANG_WARN__DUPLICATE_METHOD_MATCH = YES;
				COPY_PHASE_STRIP = NO;
				DEBUG_INFORMATION_FORMAT = dwarf;
				ENABLE_STRICT_OBJC_MSGSEND = YES;
				ENABLE_TESTABILITY = YES;
				ENABLE_USER_SCRIPT_SANDBOXING = YES;
				GCC_C_LANGUAGE_STANDARD = gnu17;
				GCC_DYNAMIC_NO_PIC = NO;
				GCC_NO_COMMON_BLOCKS = YES;
				GCC_OPTIMIZATION_LEVEL = 0;
				GCC_PREPROCESSOR_DEFINITIONS = (
					"DEBUG=1",
					"$(inherited)",
				);
				GCC_WARN_64_TO_32_BIT_CONVERSION = YES;
				GCC_WARN_ABOUT_RETURN_TYPE = YES_ERROR;
				GCC_WARN_UNDECLARED_SELECTOR = YES;
				GCC_WARN_UNINITIALIZED_AUTOS = YES_AGGRESSIVE;
				GCC_WARN_UNUSED_FUNCTION = YES;
				GCC_WARN_UNUSED_VARIABLE = YES;
				IPHONEOS_DEPLOYMENT_TARGET = 17.0;
				LOCALIZATION_PREFERS_STRING_CATALOGS = YES;
				MTL_ENABLE_DEBUG_INFO = INCLUDE_SOURCE;
				MTL_FAST_MATH = YES;
				ONLY_ACTIVE_ARCH = YES;
				SDKROOT = iphoneos;
				SWIFT_ACTIVE_COMPILATION_CONDITIONS = "DEBUG $(inherited)";
				SWIFT_OPTIMIZATION_LEVEL = "-Onone";
			};
			name = Debug;
		};
		5C3F83792B05570E00CF4F9F /* Release */ = {
			isa = XCBuildConfiguration;
			buildSettings = {
				ALWAYS_SEARCH_USER_PATHS = NO;
				ASSETCATALOG_COMPILER_GENERATE_SWIFT_ASSET_SYMBOL_EXTENSIONS = YES;
				CLANG_ANALYZER_NONNULL = YES;
				CLANG_ANALYZER_NUMBER_OBJECT_CONVERSION = YES_AGGRESSIVE;
				CLANG_CXX_LANGUAGE_STANDARD = "gnu++20";
				CLANG_ENABLE_MODULES = YES;
				CLANG_ENABLE_OBJC_ARC = YES;
				CLANG_ENABLE_OBJC_WEAK = YES;
				CLANG_WARN_BLOCK_CAPTURE_AUTORELEASING = YES;
				CLANG_WARN_BOOL_CONVERSION = YES;
				CLANG_WARN_COMMA = YES;
				CLANG_WARN_CONSTANT_CONVERSION = YES;
				CLANG_WARN_DEPRECATED_OBJC_IMPLEMENTATIONS = YES;
				CLANG_WARN_DIRECT_OBJC_ISA_USAGE = YES_ERROR;
				CLANG_WARN_DOCUMENTATION_COMMENTS = YES;
				CLANG_WARN_EMPTY_BODY = YES;
				CLANG_WARN_ENUM_CONVERSION = YES;
				CLANG_WARN_INFINITE_RECURSION = YES;
				CLANG_WARN_INT_CONVERSION = YES;
				CLANG_WARN_NON_LITERAL_NULL_CONVERSION = YES;
				CLANG_WARN_OBJC_IMPLICIT_RETAIN_SELF = YES;
				CLANG_WARN_OBJC_LITERAL_CONVERSION = YES;
				CLANG_WARN_OBJC_ROOT_CLASS = YES_ERROR;
				CLANG_WARN_QUOTED_INCLUDE_IN_FRAMEWORK_HEADER = YES;
				CLANG_WARN_RANGE_LOOP_ANALYSIS = YES;
				CLANG_WARN_STRICT_PROTOTYPES = YES;
				CLANG_WARN_SUSPICIOUS_MOVE = YES;
				CLANG_WARN_UNGUARDED_AVAILABILITY = YES_AGGRESSIVE;
				CLANG_WARN_UNREACHABLE_CODE = YES;
				CLANG_WARN__DUPLICATE_METHOD_MATCH = YES;
				COPY_PHASE_STRIP = NO;
				DEBUG_INFORMATION_FORMAT = "dwarf-with-dsym";
				ENABLE_NS_ASSERTIONS = NO;
				ENABLE_STRICT_OBJC_MSGSEND = YES;
				ENABLE_USER_SCRIPT_SANDBOXING = YES;
				GCC_C_LANGUAGE_STANDARD = gnu17;
				GCC_NO_COMMON_BLOCKS = YES;
				GCC_WARN_64_TO_32_BIT_CONVERSION = YES;
				GCC_WARN_ABOUT_RETURN_TYPE = YES_ERROR;
				GCC_WARN_UNDECLARED_SELECTOR = YES;
				GCC_WARN_UNINITIALIZED_AUTOS = YES_AGGRESSIVE;
				GCC_WARN_UNUSED_FUNCTION = YES;
				GCC_WARN_UNUSED_VARIABLE = YES;
				IPHONEOS_DEPLOYMENT_TARGET = 17.0;
				LOCALIZATION_PREFERS_STRING_CATALOGS = YES;
				MTL_ENABLE_DEBUG_INFO = NO;
				MTL_FAST_MATH = YES;
				SDKROOT = iphoneos;
				SWIFT_COMPILATION_MODE = wholemodule;
				VALIDATE_PRODUCT = YES;
			};
			name = Release;
		};
		5C3F837B2B05570E00CF4F9F /* Debug */ = {
			isa = XCBuildConfiguration;
			buildSettings = {
				ASSETCATALOG_COMPILER_APPICON_NAME = AppIcon;
				ASSETCATALOG_COMPILER_GLOBAL_ACCENT_COLOR_NAME = AccentColor;
				CODE_SIGN_STYLE = Automatic;
				CURRENT_PROJECT_VERSION = 1;
				DEVELOPMENT_TEAM = S8AL8WJ6BA;
				GENERATE_INFOPLIST_FILE = YES;
				INFOPLIST_FILE = EBSCAN/Info.plist;
				INFOPLIST_KEY_NSCameraUsageDescription = "$(CURRENT_PROJECT_VERSION)";
				INFOPLIST_KEY_UIApplicationSupportsIndirectInputEvents = YES;
				INFOPLIST_KEY_UILaunchStoryboardName = LaunchScreen;
				INFOPLIST_KEY_UISupportedInterfaceOrientations_iPad = "UIInterfaceOrientationPortrait UIInterfaceOrientationPortraitUpsideDown UIInterfaceOrientationLandscapeLeft UIInterfaceOrientationLandscapeRight";
				INFOPLIST_KEY_UISupportedInterfaceOrientations_iPhone = "UIInterfaceOrientationPortrait UIInterfaceOrientationLandscapeLeft UIInterfaceOrientationLandscapeRight";
				LD_RUNPATH_SEARCH_PATHS = (
					"$(inherited)",
					"@executable_path/Frameworks",
				);
				MARKETING_VERSION = 1.0;
				PRODUCT_BUNDLE_IDENTIFIER = ZeshanHussain.EBSCAN;
				PRODUCT_NAME = "$(TARGET_NAME)";
				SWIFT_EMIT_LOC_STRINGS = YES;
				SWIFT_VERSION = 5.0;
				TARGETED_DEVICE_FAMILY = "1,2";
			};
			name = Debug;
		};
		5C3F837C2B05570E00CF4F9F /* Release */ = {
			isa = XCBuildConfiguration;
			buildSettings = {
				ASSETCATALOG_COMPILER_APPICON_NAME = AppIcon;
				ASSETCATALOG_COMPILER_GLOBAL_ACCENT_COLOR_NAME = AccentColor;
				CODE_SIGN_STYLE = Automatic;
				CURRENT_PROJECT_VERSION = 1;
				DEVELOPMENT_TEAM = S8AL8WJ6BA;
				GENERATE_INFOPLIST_FILE = YES;
				INFOPLIST_FILE = EBSCAN/Info.plist;
				INFOPLIST_KEY_NSCameraUsageDescription = "$(CURRENT_PROJECT_VERSION)";
				INFOPLIST_KEY_UIApplicationSupportsIndirectInputEvents = YES;
				INFOPLIST_KEY_UILaunchStoryboardName = LaunchScreen;
				INFOPLIST_KEY_UISupportedInterfaceOrientations_iPad = "UIInterfaceOrientationPortrait UIInterfaceOrientationPortraitUpsideDown UIInterfaceOrientationLandscapeLeft UIInterfaceOrientationLandscapeRight";
				INFOPLIST_KEY_UISupportedInterfaceOrientations_iPhone = "UIInterfaceOrientationPortrait UIInterfaceOrientationLandscapeLeft UIInterfaceOrientationLandscapeRight";
				LD_RUNPATH_SEARCH_PATHS = (
					"$(inherited)",
					"@executable_path/Frameworks",
				);
				MARKETING_VERSION = 1.0;
				PRODUCT_BUNDLE_IDENTIFIER = ZeshanHussain.EBSCAN;
				PRODUCT_NAME = "$(TARGET_NAME)";
				SWIFT_EMIT_LOC_STRINGS = YES;
				SWIFT_VERSION = 5.0;
				TARGETED_DEVICE_FAMILY = "1,2";
			};
			name = Release;
		};
/* End XCBuildConfiguration section */

/* Begin XCConfigurationList section */
		5C3F83612B05570D00CF4F9F /* Build configuration list for PBXProject "EBSCAN" */ = {
			isa = XCConfigurationList;
			buildConfigurations = (
				5C3F83782B05570E00CF4F9F /* Debug */,
				5C3F83792B05570E00CF4F9F /* Release */,
			);
			defaultConfigurationIsVisible = 0;
			defaultConfigurationName = Release;
		};
		5C3F837A2B05570E00CF4F9F /* Build configuration list for PBXNativeTarget "EBSCAN" */ = {
			isa = XCConfigurationList;
			buildConfigurations = (
				5C3F837B2B05570E00CF4F9F /* Debug */,
				5C3F837C2B05570E00CF4F9F /* Release */,
			);
			defaultConfigurationIsVisible = 0;
			defaultConfigurationName = Release;
		};
/* End XCConfigurationList section */

/* Begin XCRemoteSwiftPackageReference section */
		5C3F83852B075D7000CF4F9F /* XCRemoteSwiftPackageReference "CodeScanner" */ = {
			isa = XCRemoteSwiftPackageReference;
			repositoryURL = "https://github.com/twostraws/CodeScanner";
			requirement = {
				kind = upToNextMajorVersion;
				minimumVersion = 2.3.3;
			};
		};
/* End XCRemoteSwiftPackageReference section */

/* Begin XCSwiftPackageProductDependency section */
		5C3F83862B075D7000CF4F9F /* CodeScanner */ = {
			isa = XCSwiftPackageProductDependency;
			package = 5C3F83852B075D7000CF4F9F /* XCRemoteSwiftPackageReference "CodeScanner" */;
			productName = CodeScanner;
		};
/* End XCSwiftPackageProductDependency section */
	};
	rootObject = 5C3F835E2B05570D00CF4F9F /* Project object */;
}
